// !$*UTF8*$!
{
	archiveVersion = 1;
	classes = {
	};
	objectVersion = 46;
	objects = {

/* Begin PBXBuildFile section */
		7E7081E61C6B52EF00F8B44A /* AppDelegate.swift in Sources */ = {isa = PBXBuildFile; fileRef = 7E7081E51C6B52EF00F8B44A /* AppDelegate.swift */; };
		7E7081E81C6B52EF00F8B44A /* ViewController.swift in Sources */ = {isa = PBXBuildFile; fileRef = 7E7081E71C6B52EF00F8B44A /* ViewController.swift */; };
		7E7081EB1C6B52EF00F8B44A /* Main.storyboard in Resources */ = {isa = PBXBuildFile; fileRef = 7E7081E91C6B52EF00F8B44A /* Main.storyboard */; };
		7E7081EE1C6B52EF00F8B44A /* SheffieldRiders.xcdatamodeld in Sources */ = {isa = PBXBuildFile; fileRef = 7E7081EC1C6B52EF00F8B44A /* SheffieldRiders.xcdatamodeld */; };
		7E7081F01C6B52EF00F8B44A /* Assets.xcassets in Resources */ = {isa = PBXBuildFile; fileRef = 7E7081EF1C6B52EF00F8B44A /* Assets.xcassets */; };
		7E7081F31C6B52EF00F8B44A /* LaunchScreen.storyboard in Resources */ = {isa = PBXBuildFile; fileRef = 7E7081F11C6B52EF00F8B44A /* LaunchScreen.storyboard */; };
		7E7081FE1C6B52EF00F8B44A /* SheffieldRidersTests.swift in Sources */ = {isa = PBXBuildFile; fileRef = 7E7081FD1C6B52EF00F8B44A /* SheffieldRidersTests.swift */; };
		7E7082091C6B52EF00F8B44A /* SheffieldRidersUITests.swift in Sources */ = {isa = PBXBuildFile; fileRef = 7E7082081C6B52EF00F8B44A /* SheffieldRidersUITests.swift */; };
		7E9EDAC61C930043000D8863 /* LoginViewController.swift in Sources */ = {isa = PBXBuildFile; fileRef = 7E9EDAC51C930043000D8863 /* LoginViewController.swift */; };
		7E9EDAC81C930EDA000D8863 /* SignUpViewController.swift in Sources */ = {isa = PBXBuildFile; fileRef = 7E9EDAC71C930EDA000D8863 /* SignUpViewController.swift */; };
		7E9EDACA1C9331D3000D8863 /* Constants.swift in Sources */ = {isa = PBXBuildFile; fileRef = 7E9EDAC91C9331D3000D8863 /* Constants.swift */; };
/* End PBXBuildFile section */

/* Begin PBXContainerItemProxy section */
		7E7081FA1C6B52EF00F8B44A /* PBXContainerItemProxy */ = {
			isa = PBXContainerItemProxy;
			containerPortal = 7E7081DA1C6B52EF00F8B44A /* Project object */;
			proxyType = 1;
			remoteGlobalIDString = 7E7081E11C6B52EF00F8B44A;
			remoteInfo = SheffieldRiders;
		};
		7E7082051C6B52EF00F8B44A /* PBXContainerItemProxy */ = {
			isa = PBXContainerItemProxy;
			containerPortal = 7E7081DA1C6B52EF00F8B44A /* Project object */;
			proxyType = 1;
			remoteGlobalIDString = 7E7081E11C6B52EF00F8B44A;
			remoteInfo = SheffieldRiders;
		};
/* End PBXContainerItemProxy section */

/* Begin PBXFileReference section */
		7E7081E21C6B52EF00F8B44A /* SheffieldRiders.app */ = {isa = PBXFileReference; explicitFileType = wrapper.application; includeInIndex = 0; path = SheffieldRiders.app; sourceTree = BUILT_PRODUCTS_DIR; };
		7E7081E51C6B52EF00F8B44A /* AppDelegate.swift */ = {isa = PBXFileReference; lastKnownFileType = sourcecode.swift; path = AppDelegate.swift; sourceTree = "<group>"; };
		7E7081E71C6B52EF00F8B44A /* ViewController.swift */ = {isa = PBXFileReference; lastKnownFileType = sourcecode.swift; path = ViewController.swift; sourceTree = "<group>"; };
		7E7081EA1C6B52EF00F8B44A /* Base */ = {isa = PBXFileReference; lastKnownFileType = file.storyboard; name = Base; path = Base.lproj/Main.storyboard; sourceTree = "<group>"; };
		7E7081ED1C6B52EF00F8B44A /* SheffieldRiders.xcdatamodel */ = {isa = PBXFileReference; lastKnownFileType = wrapper.xcdatamodel; path = SheffieldRiders.xcdatamodel; sourceTree = "<group>"; };
		7E7081EF1C6B52EF00F8B44A /* Assets.xcassets */ = {isa = PBXFileReference; lastKnownFileType = folder.assetcatalog; path = Assets.xcassets; sourceTree = "<group>"; };
		7E7081F21C6B52EF00F8B44A /* Base */ = {isa = PBXFileReference; lastKnownFileType = file.storyboard; name = Base; path = Base.lproj/LaunchScreen.storyboard; sourceTree = "<group>"; };
		7E7081F41C6B52EF00F8B44A /* Info.plist */ = {isa = PBXFileReference; lastKnownFileType = text.plist.xml; path = Info.plist; sourceTree = "<group>"; };
		7E7081F91C6B52EF00F8B44A /* SheffieldRidersTests.xctest */ = {isa = PBXFileReference; explicitFileType = wrapper.cfbundle; includeInIndex = 0; path = SheffieldRidersTests.xctest; sourceTree = BUILT_PRODUCTS_DIR; };
		7E7081FD1C6B52EF00F8B44A /* SheffieldRidersTests.swift */ = {isa = PBXFileReference; lastKnownFileType = sourcecode.swift; path = SheffieldRidersTests.swift; sourceTree = "<group>"; };
		7E7081FF1C6B52EF00F8B44A /* Info.plist */ = {isa = PBXFileReference; lastKnownFileType = text.plist.xml; path = Info.plist; sourceTree = "<group>"; };
		7E7082041C6B52EF00F8B44A /* SheffieldRidersUITests.xctest */ = {isa = PBXFileReference; explicitFileType = wrapper.cfbundle; includeInIndex = 0; path = SheffieldRidersUITests.xctest; sourceTree = BUILT_PRODUCTS_DIR; };
		7E7082081C6B52EF00F8B44A /* SheffieldRidersUITests.swift */ = {isa = PBXFileReference; lastKnownFileType = sourcecode.swift; path = SheffieldRidersUITests.swift; sourceTree = "<group>"; };
		7E70820A1C6B52EF00F8B44A /* Info.plist */ = {isa = PBXFileReference; lastKnownFileType = text.plist.xml; path = Info.plist; sourceTree = "<group>"; };
		7E9EDAC51C930043000D8863 /* LoginViewController.swift */ = {isa = PBXFileReference; fileEncoding = 4; lastKnownFileType = sourcecode.swift; name = LoginViewController.swift; path = controller/LoginViewController.swift; sourceTree = "<group>"; };
		7E9EDAC71C930EDA000D8863 /* SignUpViewController.swift */ = {isa = PBXFileReference; fileEncoding = 4; lastKnownFileType = sourcecode.swift; name = SignUpViewController.swift; path = controller/SignUpViewController.swift; sourceTree = "<group>"; };
		7E9EDAC91C9331D3000D8863 /* Constants.swift */ = {isa = PBXFileReference; fileEncoding = 4; lastKnownFileType = sourcecode.swift; name = Constants.swift; path = resources/Constants.swift; sourceTree = "<group>"; };
/* End PBXFileReference section */

/* Begin PBXFrameworksBuildPhase section */
		7E7081DF1C6B52EF00F8B44A /* Frameworks */ = {
			isa = PBXFrameworksBuildPhase;
			buildActionMask = 2147483647;
			files = (
			);
			runOnlyForDeploymentPostprocessing = 0;
		};
		7E7081F61C6B52EF00F8B44A /* Frameworks */ = {
			isa = PBXFrameworksBuildPhase;
			buildActionMask = 2147483647;
			files = (
			);
			runOnlyForDeploymentPostprocessing = 0;
		};
		7E7082011C6B52EF00F8B44A /* Frameworks */ = {
			isa = PBXFrameworksBuildPhase;
			buildActionMask = 2147483647;
			files = (
			);
			runOnlyForDeploymentPostprocessing = 0;
		};
/* End PBXFrameworksBuildPhase section */

/* Begin PBXGroup section */
		7E7081D91C6B52EF00F8B44A = {
			isa = PBXGroup;
			children = (
				7E7081E41C6B52EF00F8B44A /* SheffieldRiders */,
				7E7081FC1C6B52EF00F8B44A /* SheffieldRidersTests */,
				7E7082071C6B52EF00F8B44A /* SheffieldRidersUITests */,
				7E7081E31C6B52EF00F8B44A /* Products */,
			);
			sourceTree = "<group>";
		};
		7E7081E31C6B52EF00F8B44A /* Products */ = {
			isa = PBXGroup;
			children = (
				7E7081E21C6B52EF00F8B44A /* SheffieldRiders.app */,
				7E7081F91C6B52EF00F8B44A /* SheffieldRidersTests.xctest */,
				7E7082041C6B52EF00F8B44A /* SheffieldRidersUITests.xctest */,
			);
			name = Products;
			sourceTree = "<group>";
		};
		7E7081E41C6B52EF00F8B44A /* SheffieldRiders */ = {
			isa = PBXGroup;
			children = (
				7E7081E51C6B52EF00F8B44A /* AppDelegate.swift */,
				7E9EDAC41C92F264000D8863 /* Controller */,
				7E9EDAC31C92F260000D8863 /* View */,
				7E9EDAC21C92F256000D8863 /* Model */,
				7E7081EF1C6B52EF00F8B44A /* Assets.xcassets */,
				7E7081F41C6B52EF00F8B44A /* Info.plist */,
				7E9EDAC91C9331D3000D8863 /* Constants.swift */,
			);
			path = SheffieldRiders;
			sourceTree = "<group>";
		};
		7E7081FC1C6B52EF00F8B44A /* SheffieldRidersTests */ = {
			isa = PBXGroup;
			children = (
				7E7081FD1C6B52EF00F8B44A /* SheffieldRidersTests.swift */,
				7E7081FF1C6B52EF00F8B44A /* Info.plist */,
			);
			path = SheffieldRidersTests;
			sourceTree = "<group>";
		};
		7E7082071C6B52EF00F8B44A /* SheffieldRidersUITests */ = {
			isa = PBXGroup;
			children = (
				7E7082081C6B52EF00F8B44A /* SheffieldRidersUITests.swift */,
				7E70820A1C6B52EF00F8B44A /* Info.plist */,
			);
			path = SheffieldRidersUITests;
			sourceTree = "<group>";
		};
		7E9EDAC21C92F256000D8863 /* Model */ = {
			isa = PBXGroup;
			children = (
				7E7081EC1C6B52EF00F8B44A /* SheffieldRiders.xcdatamodeld */,
			);
			name = Model;
			sourceTree = "<group>";
		};
		7E9EDAC31C92F260000D8863 /* View */ = {
			isa = PBXGroup;
			children = (
				7E7081E91C6B52EF00F8B44A /* Main.storyboard */,
				7E7081F11C6B52EF00F8B44A /* LaunchScreen.storyboard */,
			);
			name = View;
			sourceTree = "<group>";
		};
		7E9EDAC41C92F264000D8863 /* Controller */ = {
			isa = PBXGroup;
			children = (
				7E7081E71C6B52EF00F8B44A /* ViewController.swift */,
				7E9EDAC51C930043000D8863 /* LoginViewController.swift */,
				7E9EDAC71C930EDA000D8863 /* SignUpViewController.swift */,
			);
			name = Controller;
			sourceTree = "<group>";
		};
/* End PBXGroup section */

/* Begin PBXNativeTarget section */
		7E7081E11C6B52EF00F8B44A /* SheffieldRiders */ = {
			isa = PBXNativeTarget;
			buildConfigurationList = 7E70820D1C6B52EF00F8B44A /* Build configuration list for PBXNativeTarget "SheffieldRiders" */;
			buildPhases = (
				7E7081DE1C6B52EF00F8B44A /* Sources */,
				7E7081DF1C6B52EF00F8B44A /* Frameworks */,
				7E7081E01C6B52EF00F8B44A /* Resources */,
			);
			buildRules = (
			);
			dependencies = (
			);
			name = SheffieldRiders;
			productName = SheffieldRiders;
			productReference = 7E7081E21C6B52EF00F8B44A /* SheffieldRiders.app */;
			productType = "com.apple.product-type.application";
		};
		7E7081F81C6B52EF00F8B44A /* SheffieldRidersTests */ = {
			isa = PBXNativeTarget;
			buildConfigurationList = 7E7082101C6B52EF00F8B44A /* Build configuration list for PBXNativeTarget "SheffieldRidersTests" */;
			buildPhases = (
				7E7081F51C6B52EF00F8B44A /* Sources */,
				7E7081F61C6B52EF00F8B44A /* Frameworks */,
				7E7081F71C6B52EF00F8B44A /* Resources */,
			);
			buildRules = (
			);
			dependencies = (
				7E7081FB1C6B52EF00F8B44A /* PBXTargetDependency */,
			);
			name = SheffieldRidersTests;
			productName = SheffieldRidersTests;
			productReference = 7E7081F91C6B52EF00F8B44A /* SheffieldRidersTests.xctest */;
			productType = "com.apple.product-type.bundle.unit-test";
		};
		7E7082031C6B52EF00F8B44A /* SheffieldRidersUITests */ = {
			isa = PBXNativeTarget;
			buildConfigurationList = 7E7082131C6B52EF00F8B44A /* Build configuration list for PBXNativeTarget "SheffieldRidersUITests" */;
			buildPhases = (
				7E7082001C6B52EF00F8B44A /* Sources */,
				7E7082011C6B52EF00F8B44A /* Frameworks */,
				7E7082021C6B52EF00F8B44A /* Resources */,
			);
			buildRules = (
			);
			dependencies = (
				7E7082061C6B52EF00F8B44A /* PBXTargetDependency */,
			);
			name = SheffieldRidersUITests;
			productName = SheffieldRidersUITests;
			productReference = 7E7082041C6B52EF00F8B44A /* SheffieldRidersUITests.xctest */;
			productType = "com.apple.product-type.bundle.ui-testing";
		};
/* End PBXNativeTarget section */

/* Begin PBXProject section */
		7E7081DA1C6B52EF00F8B44A /* Project object */ = {
			isa = PBXProject;
			attributes = {
				LastSwiftUpdateCheck = 0720;
				LastUpgradeCheck = 0720;
				ORGANIZATIONNAME = "Tom Sugarev";
				TargetAttributes = {
					7E7081E11C6B52EF00F8B44A = {
						CreatedOnToolsVersion = 7.2.1;
						DevelopmentTeam = 6H99MCP9SY;
					};
					7E7081F81C6B52EF00F8B44A = {
						CreatedOnToolsVersion = 7.2.1;
						TestTargetID = 7E7081E11C6B52EF00F8B44A;
					};
					7E7082031C6B52EF00F8B44A = {
						CreatedOnToolsVersion = 7.2.1;
						TestTargetID = 7E7081E11C6B52EF00F8B44A;
					};
				};
			};
			buildConfigurationList = 7E7081DD1C6B52EF00F8B44A /* Build configuration list for PBXProject "SheffieldRiders" */;
			compatibilityVersion = "Xcode 3.2";
			developmentRegion = English;
			hasScannedForEncodings = 0;
			knownRegions = (
				en,
				Base,
			);
			mainGroup = 7E7081D91C6B52EF00F8B44A;
			productRefGroup = 7E7081E31C6B52EF00F8B44A /* Products */;
			projectDirPath = "";
			projectRoot = "";
			targets = (
				7E7081E11C6B52EF00F8B44A /* SheffieldRiders */,
				7E7081F81C6B52EF00F8B44A /* SheffieldRidersTests */,
				7E7082031C6B52EF00F8B44A /* SheffieldRidersUITests */,
			);
		};
/* End PBXProject section */

/* Begin PBXResourcesBuildPhase section */
		7E7081E01C6B52EF00F8B44A /* Resources */ = {
			isa = PBXResourcesBuildPhase;
			buildActionMask = 2147483647;
			files = (
				7E7081F31C6B52EF00F8B44A /* LaunchScreen.storyboard in Resources */,
				7E7081F01C6B52EF00F8B44A /* Assets.xcassets in Resources */,
				7E7081EB1C6B52EF00F8B44A /* Main.storyboard in Resources */,
			);
			runOnlyForDeploymentPostprocessing = 0;
		};
		7E7081F71C6B52EF00F8B44A /* Resources */ = {
			isa = PBXResourcesBuildPhase;
			buildActionMask = 2147483647;
			files = (
			);
			runOnlyForDeploymentPostprocessing = 0;
		};
		7E7082021C6B52EF00F8B44A /* Resources */ = {
			isa = PBXResourcesBuildPhase;
			buildActionMask = 2147483647;
			files = (
			);
			runOnlyForDeploymentPostprocessing = 0;
		};
/* End PBXResourcesBuildPhase section */

/* Begin PBXSourcesBuildPhase section */
		7E7081DE1C6B52EF00F8B44A /* Sources */ = {
			isa = PBXSourcesBuildPhase;
			buildActionMask = 2147483647;
			files = (
				7E9EDAC61C930043000D8863 /* LoginViewController.swift in Sources */,
				7E7081E81C6B52EF00F8B44A /* ViewController.swift in Sources */,
				7E7081EE1C6B52EF00F8B44A /* SheffieldRiders.xcdatamodeld in Sources */,
				7E7081E61C6B52EF00F8B44A /* AppDelegate.swift in Sources */,
				7E9EDAC81C930EDA000D8863 /* SignUpViewController.swift in Sources */,
				7E9EDACA1C9331D3000D8863 /* Constants.swift in Sources */,
			);
			runOnlyForDeploymentPostprocessing = 0;
		};
		7E7081F51C6B52EF00F8B44A /* Sources */ = {
			isa = PBXSourcesBuildPhase;
			buildActionMask = 2147483647;
			files = (
				7E7081FE1C6B52EF00F8B44A /* SheffieldRidersTests.swift in Sources */,
			);
			runOnlyForDeploymentPostprocessing = 0;
		};
		7E7082001C6B52EF00F8B44A /* Sources */ = {
			isa = PBXSourcesBuildPhase;
			buildActionMask = 2147483647;
			files = (
				7E7082091C6B52EF00F8B44A /* SheffieldRidersUITests.swift in Sources */,
			);
			runOnlyForDeploymentPostprocessing = 0;
		};
/* End PBXSourcesBuildPhase section */

/* Begin PBXTargetDependency section */
		7E7081FB1C6B52EF00F8B44A /* PBXTargetDependency */ = {
			isa = PBXTargetDependency;
			target = 7E7081E11C6B52EF00F8B44A /* SheffieldRiders */;
			targetProxy = 7E7081FA1C6B52EF00F8B44A /* PBXContainerItemProxy */;
		};
		7E7082061C6B52EF00F8B44A /* PBXTargetDependency */ = {
			isa = PBXTargetDependency;
			target = 7E7081E11C6B52EF00F8B44A /* SheffieldRiders */;
			targetProxy = 7E7082051C6B52EF00F8B44A /* PBXContainerItemProxy */;
		};
/* End PBXTargetDependency section */

/* Begin PBXVariantGroup section */
		7E7081E91C6B52EF00F8B44A /* Main.storyboard */ = {
			isa = PBXVariantGroup;
			children = (
				7E7081EA1C6B52EF00F8B44A /* Base */,
			);
			name = Main.storyboard;
			sourceTree = "<group>";
		};
		7E7081F11C6B52EF00F8B44A /* LaunchScreen.storyboard */ = {
			isa = PBXVariantGroup;
			children = (
				7E7081F21C6B52EF00F8B44A /* Base */,
			);
			name = LaunchScreen.storyboard;
			sourceTree = "<group>";
		};
/* End PBXVariantGroup section */

/* Begin XCBuildConfiguration section */
		7E70820B1C6B52EF00F8B44A /* Debug */ = {
			isa = XCBuildConfiguration;
			buildSettings = {
				ALWAYS_SEARCH_USER_PATHS = NO;
				CLANG_CXX_LANGUAGE_STANDARD = "gnu++0x";
				CLANG_CXX_LIBRARY = "libc++";
				CLANG_ENABLE_MODULES = YES;
				CLANG_ENABLE_OBJC_ARC = YES;
				CLANG_WARN_BOOL_CONVERSION = YES;
				CLANG_WARN_CONSTANT_CONVERSION = YES;
				CLANG_WARN_DIRECT_OBJC_ISA_USAGE = YES_ERROR;
				CLANG_WARN_EMPTY_BODY = YES;
				CLANG_WARN_ENUM_CONVERSION = YES;
				CLANG_WARN_INT_CONVERSION = YES;
				CLANG_WARN_OBJC_ROOT_CLASS = YES_ERROR;
				CLANG_WARN_UNREACHABLE_CODE = YES;
				CLANG_WARN__DUPLICATE_METHOD_MATCH = YES;
				"CODE_SIGN_IDENTITY[sdk=iphoneos*]" = "iPhone Developer";
				COPY_PHASE_STRIP = NO;
				DEBUG_INFORMATION_FORMAT = dwarf;
				ENABLE_STRICT_OBJC_MSGSEND = YES;
				ENABLE_TESTABILITY = YES;
				GCC_C_LANGUAGE_STANDARD = gnu99;
				GCC_DYNAMIC_NO_PIC = NO;
				GCC_NO_COMMON_BLOCKS = YES;
				GCC_OPTIMIZATION_LEVEL = 0;
				GCC_PREPROCESSOR_DEFINITIONS = (
					"DEBUG=1",
					"$(inherited)",
				);
				GCC_WARN_64_TO_32_BIT_CONVERSION = YES;
				GCC_WARN_ABOUT_RETURN_TYPE = YES_ERROR;
				GCC_WARN_UNDECLARED_SELECTOR = YES;
				GCC_WARN_UNINITIALIZED_AUTOS = YES_AGGRESSIVE;
				GCC_WARN_UNUSED_FUNCTION = YES;
				GCC_WARN_UNUSED_VARIABLE = YES;
				IPHONEOS_DEPLOYMENT_TARGET = 9.2;
				MTL_ENABLE_DEBUG_INFO = YES;
				ONLY_ACTIVE_ARCH = YES;
				SDKROOT = iphoneos;
				SWIFT_OPTIMIZATION_LEVEL = "-Onone";
				TARGETED_DEVICE_FAMILY = "1,2";
			};
			name = Debug;
		};
		7E70820C1C6B52EF00F8B44A /* Release */ = {
			isa = XCBuildConfiguration;
			buildSettings = {
				ALWAYS_SEARCH_USER_PATHS = NO;
				CLANG_CXX_LANGUAGE_STANDARD = "gnu++0x";
				CLANG_CXX_LIBRARY = "libc++";
				CLANG_ENABLE_MODULES = YES;
				CLANG_ENABLE_OBJC_ARC = YES;
				CLANG_WARN_BOOL_CONVERSION = YES;
				CLANG_WARN_CONSTANT_CONVERSION = YES;
				CLANG_WARN_DIRECT_OBJC_ISA_USAGE = YES_ERROR;
				CLANG_WARN_EMPTY_BODY = YES;
				CLANG_WARN_ENUM_CONVERSION = YES;
				CLANG_WARN_INT_CONVERSION = YES;
				CLANG_WARN_OBJC_ROOT_CLASS = YES_ERROR;
				CLANG_WARN_UNREACHABLE_CODE = YES;
				CLANG_WARN__DUPLICATE_METHOD_MATCH = YES;
				"CODE_SIGN_IDENTITY[sdk=iphoneos*]" = "iPhone Developer";
				COPY_PHASE_STRIP = NO;
				DEBUG_INFORMATION_FORMAT = "dwarf-with-dsym";
				ENABLE_NS_ASSERTIONS = NO;
				ENABLE_STRICT_OBJC_MSGSEND = YES;
				GCC_C_LANGUAGE_STANDARD = gnu99;
				GCC_NO_COMMON_BLOCKS = YES;
				GCC_WARN_64_TO_32_BIT_CONVERSION = YES;
				GCC_WARN_ABOUT_RETURN_TYPE = YES_ERROR;
				GCC_WARN_UNDECLARED_SELECTOR = YES;
				GCC_WARN_UNINITIALIZED_AUTOS = YES_AGGRESSIVE;
				GCC_WARN_UNUSED_FUNCTION = YES;
				GCC_WARN_UNUSED_VARIABLE = YES;
				IPHONEOS_DEPLOYMENT_TARGET = 9.2;
				MTL_ENABLE_DEBUG_INFO = NO;
				SDKROOT = iphoneos;
				TARGETED_DEVICE_FAMILY = "1,2";
				VALIDATE_PRODUCT = YES;
			};
			name = Release;
		};
		7E70820E1C6B52EF00F8B44A /* Debug */ = {
			isa = XCBuildConfiguration;
			buildSettings = {
				ASSETCATALOG_COMPILER_APPICON_NAME = AppIcon;
				CODE_SIGN_IDENTITY = "iPhone Developer";
				INFOPLIST_FILE = SheffieldRiders/Info.plist;
				LD_RUNPATH_SEARCH_PATHS = "$(inherited) @executable_path/Frameworks";
				PRODUCT_BUNDLE_IDENTIFIER = Sug.SheffieldRiders;
				PRODUCT_NAME = "$(TARGET_NAME)";
				TARGETED_DEVICE_FAMILY = 1;
			};
			name = Debug;
		};
		7E70820F1C6B52EF00F8B44A /* Release */ = {
			isa = XCBuildConfiguration;
			buildSettings = {
				ASSETCATALOG_COMPILER_APPICON_NAME = AppIcon;
				CODE_SIGN_IDENTITY = "iPhone Developer";
				INFOPLIST_FILE = SheffieldRiders/Info.plist;
				LD_RUNPATH_SEARCH_PATHS = "$(inherited) @executable_path/Frameworks";
				PRODUCT_BUNDLE_IDENTIFIER = Sug.SheffieldRiders;
				PRODUCT_NAME = "$(TARGET_NAME)";
				TARGETED_DEVICE_FAMILY = 1;
			};
			name = Release;
		};
		7E7082111C6B52EF00F8B44A /* Debug */ = {
			isa = XCBuildConfiguration;
			buildSettings = {
				BUNDLE_LOADER = "$(TEST_HOST)";
				INFOPLIST_FILE = SheffieldRidersTests/Info.plist;
				LD_RUNPATH_SEARCH_PATHS = "$(inherited) @executable_path/Frameworks @loader_path/Frameworks";
				PRODUCT_BUNDLE_IDENTIFIER = Sug.SheffieldRidersTests;
				PRODUCT_NAME = "$(TARGET_NAME)";
				TEST_HOST = "$(BUILT_PRODUCTS_DIR)/SheffieldRiders.app/SheffieldRiders";
			};
			name = Debug;
		};
		7E7082121C6B52EF00F8B44A /* Release */ = {
			isa = XCBuildConfiguration;
			buildSettings = {
				BUNDLE_LOADER = "$(TEST_HOST)";
				INFOPLIST_FILE = SheffieldRidersTests/Info.plist;
				LD_RUNPATH_SEARCH_PATHS = "$(inherited) @executable_path/Frameworks @loader_path/Frameworks";
				PRODUCT_BUNDLE_IDENTIFIER = Sug.SheffieldRidersTests;
				PRODUCT_NAME = "$(TARGET_NAME)";
				TEST_HOST = "$(BUILT_PRODUCTS_DIR)/SheffieldRiders.app/SheffieldRiders";
			};
			name = Release;
		};
		7E7082141C6B52EF00F8B44A /* Debug */ = {
			isa = XCBuildConfiguration;
			buildSettings = {
				INFOPLIST_FILE = SheffieldRidersUITests/Info.plist;
				LD_RUNPATH_SEARCH_PATHS = "$(inherited) @executable_path/Frameworks @loader_path/Frameworks";
				PRODUCT_BUNDLE_IDENTIFIER = Sug.SheffieldRidersUITests;
				PRODUCT_NAME = "$(TARGET_NAME)";
				TEST_TARGET_NAME = SheffieldRiders;
				USES_XCTRUNNER = YES;
			};
			name = Debug;
		};
		7E7082151C6B52EF00F8B44A /* Release */ = {
			isa = XCBuildConfiguration;
			buildSettings = {
				INFOPLIST_FILE = SheffieldRidersUITests/Info.plist;
				LD_RUNPATH_SEARCH_PATHS = "$(inherited) @executable_path/Frameworks @loader_path/Frameworks";
				PRODUCT_BUNDLE_IDENTIFIER = Sug.SheffieldRidersUITests;
				PRODUCT_NAME = "$(TARGET_NAME)";
				TEST_TARGET_NAME = SheffieldRiders;
				USES_XCTRUNNER = YES;
			};
			name = Release;
		};
/* End XCBuildConfiguration section */

/* Begin XCConfigurationList section */
		7E7081DD1C6B52EF00F8B44A /* Build configuration list for PBXProject "SheffieldRiders" */ = {
			isa = XCConfigurationList;
			buildConfigurations = (
				7E70820B1C6B52EF00F8B44A /* Debug */,
				7E70820C1C6B52EF00F8B44A /* Release */,
			);
			defaultConfigurationIsVisible = 0;
			defaultConfigurationName = Release;
		};
		7E70820D1C6B52EF00F8B44A /* Build configuration list for PBXNativeTarget "SheffieldRiders" */ = {
			isa = XCConfigurationList;
			buildConfigurations = (
				7E70820E1C6B52EF00F8B44A /* Debug */,
				7E70820F1C6B52EF00F8B44A /* Release */,
			);
			defaultConfigurationIsVisible = 0;
			defaultConfigurationName = Release;
		};
		7E7082101C6B52EF00F8B44A /* Build configuration list for PBXNativeTarget "SheffieldRidersTests" */ = {
			isa = XCConfigurationList;
			buildConfigurations = (
				7E7082111C6B52EF00F8B44A /* Debug */,
				7E7082121C6B52EF00F8B44A /* Release */,
			);
			defaultConfigurationIsVisible = 0;
			defaultConfigurationName = Release;
		};
		7E7082131C6B52EF00F8B44A /* Build configuration list for PBXNativeTarget "SheffieldRidersUITests" */ = {
			isa = XCConfigurationList;
			buildConfigurations = (
				7E7082141C6B52EF00F8B44A /* Debug */,
				7E7082151C6B52EF00F8B44A /* Release */,
			);
			defaultConfigurationIsVisible = 0;
			defaultConfigurationName = Release;
		};
/* End XCConfigurationList section */

/* Begin XCVersionGroup section */
		7E7081EC1C6B52EF00F8B44A /* SheffieldRiders.xcdatamodeld */ = {
			isa = XCVersionGroup;
			children = (
				7E7081ED1C6B52EF00F8B44A /* SheffieldRiders.xcdatamodel */,
			);
			currentVersion = 7E7081ED1C6B52EF00F8B44A /* SheffieldRiders.xcdatamodel */;
			path = SheffieldRiders.xcdatamodeld;
			sourceTree = "<group>";
			versionGroupType = wrapper.xcdatamodel;
		};
/* End XCVersionGroup section */
	};
	rootObject = 7E7081DA1C6B52EF00F8B44A /* Project object */;
}
